// !$*UTF8*$!
{
	archiveVersion = 1;
	classes = {
	};
	objectVersion = 46;
	objects = {

/* Begin PBXBuildFile section */
		5F4AB8D01E351290005D240C /* AppDelegate.swift in Sources */ = {isa = PBXBuildFile; fileRef = 5F4AB8CF1E351290005D240C /* AppDelegate.swift */; };
		5F4AB8D21E351290005D240C /* ViewController.swift in Sources */ = {isa = PBXBuildFile; fileRef = 5F4AB8D11E351290005D240C /* ViewController.swift */; };
		5F4AB8D51E351290005D240C /* Main.storyboard in Resources */ = {isa = PBXBuildFile; fileRef = 5F4AB8D31E351290005D240C /* Main.storyboard */; };
		5F4AB8D71E351290005D240C /* Assets.xcassets in Resources */ = {isa = PBXBuildFile; fileRef = 5F4AB8D61E351290005D240C /* Assets.xcassets */; };
		5F4AB8DA1E351290005D240C /* LaunchScreen.storyboard in Resources */ = {isa = PBXBuildFile; fileRef = 5F4AB8D81E351290005D240C /* LaunchScreen.storyboard */; };
/* End PBXBuildFile section */

/* Begin PBXFileReference section */
		5F4AB8CC1E351290005D240C /* TitleAnimation.app */ = {isa = PBXFileReference; explicitFileType = wrapper.application; includeInIndex = 0; path = TitleAnimation.app; sourceTree = BUILT_PRODUCTS_DIR; };
		5F4AB8CF1E351290005D240C /* AppDelegate.swift */ = {isa = PBXFileReference; lastKnownFileType = sourcecode.swift; path = AppDelegate.swift; sourceTree = "<group>"; };
		5F4AB8D11E351290005D240C /* ViewController.swift */ = {isa = PBXFileReference; lastKnownFileType = sourcecode.swift; path = ViewController.swift; sourceTree = "<group>"; };
		5F4AB8D41E351290005D240C /* Base */ = {isa = PBXFileReference; lastKnownFileType = file.storyboard; name = Base; path = Base.lproj/Main.storyboard; sourceTree = "<group>"; };
		5F4AB8D61E351290005D240C /* Assets.xcassets */ = {isa = PBXFileReference; lastKnownFileType = folder.assetcatalog; path = Assets.xcassets; sourceTree = "<group>"; };
		5F4AB8D91E351290005D240C /* Base */ = {isa = PBXFileReference; lastKnownFileType = file.storyboard; name = Base; path = Base.lproj/LaunchScreen.storyboard; sourceTree = "<group>"; };
		5F4AB8DB1E351290005D240C /* Info.plist */ = {isa = PBXFileReference; lastKnownFileType = text.plist.xml; path = Info.plist; sourceTree = "<group>"; };
/* End PBXFileReference section */

/* Begin PBXFrameworksBuildPhase section */
		5F4AB8C91E351290005D240C /* Frameworks */ = {
			isa = PBXFrameworksBuildPhase;
			buildActionMask = 2147483647;
			files = (
			);
			runOnlyForDeploymentPostprocessing = 0;
		};
/* End PBXFrameworksBuildPhase section */

/* Begin PBXGroup section */
		5F4AB8C31E351290005D240C = {
			isa = PBXGroup;
			children = (
				5F4AB8CE1E351290005D240C /* TitleAnimation */,
				5F4AB8CD1E351290005D240C /* Products */,
			);
			sourceTree = "<group>";
		};
		5F4AB8CD1E351290005D240C /* Products */ = {
			isa = PBXGroup;
			children = (
				5F4AB8CC1E351290005D240C /* TitleAnimation.app */,
			);
			name = Products;
			sourceTree = "<group>";
		};
		5F4AB8CE1E351290005D240C /* TitleAnimation */ = {
			isa = PBXGroup;
			children = (
				5F4AB8CF1E351290005D240C /* AppDelegate.swift */,
				5F4AB8D11E351290005D240C /* ViewController.swift */,
				5F4AB8D31E351290005D240C /* Main.storyboard */,
				5F4AB8D61E351290005D240C /* Assets.xcassets */,
				5F4AB8D81E351290005D240C /* LaunchScreen.storyboard */,
				5F4AB8DB1E351290005D240C /* Info.plist */,
			);
			path = TitleAnimation;
			sourceTree = "<group>";
		};
/* End PBXGroup section */

/* Begin PBXNativeTarget section */
		5F4AB8CB1E351290005D240C /* TitleAnimation */ = {
			isa = PBXNativeTarget;
			buildConfigurationList = 5F4AB8DE1E351290005D240C /* Build configuration list for PBXNativeTarget "TitleAnimation" */;
			buildPhases = (
				5F4AB8C81E351290005D240C /* Sources */,
				5F4AB8C91E351290005D240C /* Frameworks */,
				5F4AB8CA1E351290005D240C /* Resources */,
			);
			buildRules = (
			);
			dependencies = (
			);
			name = TitleAnimation;
			productName = TitleAnimation;
			productReference = 5F4AB8CC1E351290005D240C /* TitleAnimation.app */;
			productType = "com.apple.product-type.application";
		};
/* End PBXNativeTarget section */

/* Begin PBXProject section */
		5F4AB8C41E351290005D240C /* Project object */ = {
			isa = PBXProject;
			attributes = {
				LastSwiftUpdateCheck = 0820;
				LastUpgradeCheck = 0820;
				ORGANIZATIONNAME = "Mindaugas Jucius";
				TargetAttributes = {
					5F4AB8CB1E351290005D240C = {
						CreatedOnToolsVersion = 8.2.1;
						DevelopmentTeam = 7XWNFZ55T2;
						ProvisioningStyle = Automatic;
					};
				};
			};
			buildConfigurationList = 5F4AB8C71E351290005D240C /* Build configuration list for PBXProject "TitleAnimation" */;
			compatibilityVersion = "Xcode 3.2";
			developmentRegion = English;
			hasScannedForEncodings = 0;
			knownRegions = (
				en,
				Base,
			);
			mainGroup = 5F4AB8C31E351290005D240C;
			productRefGroup = 5F4AB8CD1E351290005D240C /* Products */;
			projectDirPath = "";
			projectRoot = "";
			targets = (
				5F4AB8CB1E351290005D240C /* TitleAnimation */,
			);
		};
/* End PBXProject section */

/* Begin PBXResourcesBuildPhase section */
		5F4AB8CA1E351290005D240C /* Resources */ = {
			isa = PBXResourcesBuildPhase;
			buildActionMask = 2147483647;
			files = (
				5F4AB8DA1E351290005D240C /* LaunchScreen.storyboard in Resources */,
				5F4AB8D71E351290005D240C /* Assets.xcassets in Resources */,
				5F4AB8D51E351290005D240C /* Main.storyboard in Resources */,
			);
			runOnlyForDeploymentPostprocessing = 0;
		};
/* End PBXResourcesBuildPhase section */

/* Begin PBXSourcesBuildPhase section */
		5F4AB8C81E351290005D240C /* Sources */ = {
			isa = PBXSourcesBuildPhase;
			buildActionMask = 2147483647;
			files = (
				5F4AB8D21E351290005D240C /* ViewController.swift in Sources */,
				5F4AB8D01E351290005D240C /* AppDelegate.swift in Sources */,
			);
			runOnlyForDeploymentPostprocessing = 0;
		};
/* End PBXSourcesBuildPhase section */

/* Begin PBXVariantGroup section */
		5F4AB8D31E351290005D240C /* Main.storyboard */ = {
			isa = PBXVariantGroup;
			children = (
				5F4AB8D41E351290005D240C /* Base */,
			);
			name = Main.storyboard;
			sourceTree = "<group>";
		};
		5F4AB8D81E351290005D240C /* LaunchScreen.storyboard */ = {
			isa = PBXVariantGroup;
			children = (
				5F4AB8D91E351290005D240C /* Base */,
			);
			name = LaunchScreen.storyboard;
			sourceTree = "<group>";
		};
/* End PBXVariantGroup section */

/* Begin XCBuildConfiguration section */
		5F4AB8DC1E351290005D240C /* Debug */ = {
			isa = XCBuildConfiguration;
			buildSettings = {
				ALWAYS_SEARCH_USER_PATHS = NO;
				CLANG_ANALYZER_NONNULL = YES;
				CLANG_CXX_LANGUAGE_STANDARD = "gnu++0x";
				CLANG_CXX_LIBRARY = "libc++";
				CLANG_ENABLE_MODULES = YES;
				CLANG_ENABLE_OBJC_ARC = YES;
				CLANG_WARN_BOOL_CONVERSION = YES;
				CLANG_WARN_CONSTANT_CONVERSION = YES;
				CLANG_WARN_DIRECT_OBJC_ISA_USAGE = YES_ERROR;
				CLANG_WARN_DOCUMENTATION_COMMENTS = YES;
				CLANG_WARN_EMPTY_BODY = YES;
				CLANG_WARN_ENUM_CONVERSION = YES;
				CLANG_WARN_INFINITE_RECURSION = YES;
				CLANG_WARN_INT_CONVERSION = YES;
				CLANG_WARN_OBJC_ROOT_CLASS = YES_ERROR;
				CLANG_WARN_SUSPICIOUS_MOVE = YES;
				CLANG_WARN_UNREACHABLE_CODE = YES;
				CLANG_WARN__DUPLICATE_METHOD_MATCH = YES;
				"CODE_SIGN_IDENTITY[sdk=iphoneos*]" = "iPhone Developer";
				COPY_PHASE_STRIP = NO;
				DEBUG_INFORMATION_FORMAT = dwarf;
				ENABLE_STRICT_OBJC_MSGSEND = YES;
				ENABLE_TESTABILITY = YES;
				GCC_C_LANGUAGE_STANDARD = gnu99;
				GCC_DYNAMIC_NO_PIC = NO;
				GCC_NO_COMMON_BLOCKS = YES;
				GCC_OPTIMIZATION_LEVEL = 0;
				GCC_PREPROCESSOR_DEFINITIONS = (
					"DEBUG=1",
					"$(inherited)",
				);
				GCC_WARN_64_TO_32_BIT_CONVERSION = YES;
				GCC_WARN_ABOUT_RETURN_TYPE = YES_ERROR;
				GCC_WARN_UNDECLARED_SELECTOR = YES;
				GCC_WARN_UNINITIALIZED_AUTOS = YES_AGGRESSIVE;
				GCC_WARN_UNUSED_FUNCTION = YES;
				GCC_WARN_UNUSED_VARIABLE = YES;
				IPHONEOS_DEPLOYMENT_TARGET = 10.2;
				MTL_ENABLE_DEBUG_INFO = YES;
				ONLY_ACTIVE_ARCH = YES;
				SDKROOT = iphoneos;
				SWIFT_ACTIVE_COMPILATION_CONDITIONS = DEBUG;
				SWIFT_OPTIMIZATION_LEVEL = "-Onone";
				TARGETED_DEVICE_FAMILY = "1,2";
			};
			name = Debug;
		};
		5F4AB8DD1E351290005D240C /* Release */ = {
			isa = XCBuildConfiguration;
			buildSettings = {
				ALWAYS_SEARCH_USER_PATHS = NO;
				CLANG_ANALYZER_NONNULL = YES;
				CLANG_CXX_LANGUAGE_STANDARD = "gnu++0x";
				CLANG_CXX_LIBRARY = "libc++";
				CLANG_ENABLE_MODULES = YES;
				CLANG_ENABLE_OBJC_ARC = YES;
				CLANG_WARN_BOOL_CONVERSION = YES;
				CLANG_WARN_CONSTANT_CONVERSION = YES;
				CLANG_WARN_DIRECT_OBJC_ISA_USAGE = YES_ERROR;
				CLANG_WARN_DOCUMENTATION_COMMENTS = YES;
				CLANG_WARN_EMPTY_BODY = YES;
				CLANG_WARN_ENUM_CONVERSION = YES;
				CLANG_WARN_INFINITE_RECURSION = YES;
				CLANG_WARN_INT_CONVERSION = YES;
				CLANG_WARN_OBJC_ROOT_CLASS = YES_ERROR;
				CLANG_WARN_SUSPICIOUS_MOVE = YES;
				CLANG_WARN_UNREACHABLE_CODE = YES;
				CLANG_WARN__DUPLICATE_METHOD_MATCH = YES;
				"CODE_SIGN_IDENTITY[sdk=iphoneos*]" = "iPhone Developer";
				COPY_PHASE_STRIP = NO;
				DEBUG_INFORMATION_FORMAT = "dwarf-with-dsym";
				ENABLE_NS_ASSERTIONS = NO;
				ENABLE_STRICT_OBJC_MSGSEND = YES;
				GCC_C_LANGUAGE_STANDARD = gnu99;
				GCC_NO_COMMON_BLOCKS = YES;
				GCC_WARN_64_TO_32_BIT_CONVERSION = YES;
				GCC_WARN_ABOUT_RETURN_TYPE = YES_ERROR;
				GCC_WARN_UNDECLARED_SELECTOR = YES;
				GCC_WARN_UNINITIALIZED_AUTOS = YES_AGGRESSIVE;
				GCC_WARN_UNUSED_FUNCTION = YES;
				GCC_WARN_UNUSED_VARIABLE = YES;
				IPHONEOS_DEPLOYMENT_TARGET = 10.2;
				MTL_ENABLE_DEBUG_INFO = NO;
				SDKROOT = iphoneos;
				SWIFT_OPTIMIZATION_LEVEL = "-Owholemodule";
				TARGETED_DEVICE_FAMILY = "1,2";
				VALIDATE_PRODUCT = YES;
			};
			name = Release;
		};
		5F4AB8DF1E351290005D240C /* Debug */ = {
			isa = XCBuildConfiguration;
			buildSettings = {
				ASSETCATALOG_COMPILER_APPICON_NAME = AppIcon;
				DEVELOPMENT_TEAM = 7XWNFZ55T2;
				INFOPLIST_FILE = TitleAnimation/Info.plist;
				LD_RUNPATH_SEARCH_PATHS = "$(inherited) @executable_path/Frameworks";
				PRODUCT_BUNDLE_IDENTIFIER = mindaugas.TitleAnimation;
				PRODUCT_NAME = "$(TARGET_NAME)";
				SWIFT_VERSION = 3.0;
			};
			name = Debug;
		};
		5F4AB8E01E351290005D240C /* Release */ = {
			isa = XCBuildConfiguration;
			buildSettings = {
				ASSETCATALOG_COMPILER_APPICON_NAME = AppIcon;
				DEVELOPMENT_TEAM = 7XWNFZ55T2;
				INFOPLIST_FILE = TitleAnimation/Info.plist;
				LD_RUNPATH_SEARCH_PATHS = "$(inherited) @executable_path/Frameworks";
				PRODUCT_BUNDLE_IDENTIFIER = mindaugas.TitleAnimation;
				PRODUCT_NAME = "$(TARGET_NAME)";
				SWIFT_VERSION = 3.0;
			};
			name = Release;
		};
/* End XCBuildConfiguration section */

/* Begin XCConfigurationList section */
		5F4AB8C71E351290005D240C /* Build configuration list for PBXProject "TitleAnimation" */ = {
			isa = XCConfigurationList;
			buildConfigurations = (
				5F4AB8DC1E351290005D240C /* Debug */,
				5F4AB8DD1E351290005D240C /* Release */,
			);
			defaultConfigurationIsVisible = 0;
			defaultConfigurationName = Release;
		};
		5F4AB8DE1E351290005D240C /* Build configuration list for PBXNativeTarget "TitleAnimation" */ = {
			isa = XCConfigurationList;
			buildConfigurations = (
				5F4AB8DF1E351290005D240C /* Debug */,
				5F4AB8E01E351290005D240C /* Release */,
			);
			defaultConfigurationIsVisible = 0;
		};
/* End XCConfigurationList section */
	};
	rootObject = 5F4AB8C41E351290005D240C /* Project object */;
}
